
Microsoft Visual Studio Solution File, Format Version 12.00
# Visual Studio 15
VisualStudioVersion = 15.0.26730.16
MinimumVisualStudioVersion = 10.0.40219.1
Project("{2150E333-8FDC-42A3-9474-1A3956D46DE8}") = "Codingame", "Codingame", "{93569CB7-6158-4C34-8E25-06EC3D022D12}"
EndProject
Project("{2150E333-8FDC-42A3-9474-1A3956D46DE8}") = "Easy", "Easy", "{D1BFA773-834B-4C23-AF7C-F65151611064}"
EndProject
Project("{2150E333-8FDC-42A3-9474-1A3956D46DE8}") = "Medium", "Medium", "{1CC13E65-9079-4B4D-83F0-C0606D5B181D}"
EndProject
Project("{8BC9CEB8-8B4A-11D0-8D11-00A0C91BC942}") = "ASCII ART", "Codingame\Easy\ASCII ART\ASCII ART.vcxproj", "{12ECC726-E62C-4DDB-8A0E-9BD70EEA5164}"
EndProject
Project("{8BC9CEB8-8B4A-11D0-8D11-00A0C91BC942}") = "CHUCK NORRIS", "Codingame\Easy\CHUCK NORRIS\CHUCK NORRIS.vcxproj", "{2F16C22E-709B-4C49-8913-14A2B063A09A}"
EndProject
Project("{8BC9CEB8-8B4A-11D0-8D11-00A0C91BC942}") = "DEFIBRILLATORS", "Codingame\Easy\DEFIBRILLATORS\DEFIBRILLATORS.vcxproj", "{C5851DC4-B4C3-4B84-B8B1-A34B660878F4}"
EndProject
Project("{8BC9CEB8-8B4A-11D0-8D11-00A0C91BC942}") = "HORSE-RACING DUALS", "Codingame\Easy\HORSE-RACING DUALS\HORSE-RACING DUALS.vcxproj", "{C0E72167-AFEA-43D5-84FF-6C9CCDC7B863}"
EndProject
Project("{8BC9CEB8-8B4A-11D0-8D11-00A0C91BC942}") = "MARS LANDER - EPISODE 1", "Codingame\Easy\MARS LANDER - EPISODE 1\MARS LANDER - EPISODE 1.vcxproj", "{79C9C821-5D36-4851-A706-79ADF5D2B434}"
EndProject
Project("{8BC9CEB8-8B4A-11D0-8D11-00A0C91BC942}") = "MIME TYPE", "Codingame\Easy\MIME TYPE\MIME TYPE.vcxproj", "{8D58ED66-52AE-4E39-9E80-7464C9B41750}"
EndProject
Project("{8BC9CEB8-8B4A-11D0-8D11-00A0C91BC942}") = "Onboarding", "Codingame\Easy\Onboarding\Onboarding.vcxproj", "{795DDDB5-D51D-42E9-A9AD-24E8559739B0}"
EndProject
Project("{8BC9CEB8-8B4A-11D0-8D11-00A0C91BC942}") = "TEMPERATURES", "Codingame\Easy\TEMPERATURES\TEMPERATURES.vcxproj", "{8A3D5677-959D-4C93-8255-78EE6FDABFD8}"
EndProject
Project("{8BC9CEB8-8B4A-11D0-8D11-00A0C91BC942}") = "The Descent", "Codingame\Easy\The Descent\The Descent.vcxproj", "{13BDF381-B3AD-4075-8AF0-FE1C4B18B660}"
EndProject
Project("{8BC9CEB8-8B4A-11D0-8D11-00A0C91BC942}") = "POWER OF THOR - EPISODE 1", "Codingame\Easy\POWER OF THOR - EPISODE 1\POWER OF THOR - EPISODE 1.vcxproj", "{9A9E8392-B9DC-4BB7-9809-44845B5AA6D2}"
EndProject
Project("{8BC9CEB8-8B4A-11D0-8D11-00A0C91BC942}") = "SKYNET REVOLUTION - EPISODE 1", "Codingame\Medium\SKYNET REVOLUTION - EPISODE 1\SKYNET REVOLUTION - EPISODE 1.vcxproj", "{146D543E-077C-4333-BB51-02627B45AB0D}"
EndProject
Project("{8BC9CEB8-8B4A-11D0-8D11-00A0C91BC942}") = "THERE IS NO SPOON - EPISODE 1", "Codingame\Medium\THERE IS NO SPOON - EPISODE 1\THERE IS NO SPOON - EPISODE 1.vcxproj", "{BCF04E65-9CE6-44F0-983F-D78959635FBE}"
EndProject
Project("{FAE04EC0-301F-11D3-BF4B-00C04F79EFBC}") = "Algorithms", "Algorithms\Stanford University\Algorithms.csproj", "{CA72CAC1-F664-4649-BA00-DCCAA3092550}"
EndProject
Project("{FAE04EC0-301F-11D3-BF4B-00C04F79EFBC}") = "Cryptography", "Cryptography\Stanford University\Cryptography\Cryptography.csproj", "{C6DD1545-C813-420C-ABA8-D52873E88522}"
EndProject
Global
	GlobalSection(SolutionConfigurationPlatforms) = preSolution
		Debug|Any CPU = Debug|Any CPU
		Debug|x64 = Debug|x64
		Debug|x86 = Debug|x86
		Release|Any CPU = Release|Any CPU
		Release|x64 = Release|x64
		Release|x86 = Release|x86
	EndGlobalSection
	GlobalSection(ProjectConfigurationPlatforms) = postSolution
		{12ECC726-E62C-4DDB-8A0E-9BD70EEA5164}.Debug|Any CPU.ActiveCfg = Debug|Win32
		{12ECC726-E62C-4DDB-8A0E-9BD70EEA5164}.Debug|x64.ActiveCfg = Debug|x64
		{12ECC726-E62C-4DDB-8A0E-9BD70EEA5164}.Debug|x64.Build.0 = Debug|x64
		{12ECC726-E62C-4DDB-8A0E-9BD70EEA5164}.Debug|x86.ActiveCfg = Debug|Win32
		{12ECC726-E62C-4DDB-8A0E-9BD70EEA5164}.Debug|x86.Build.0 = Debug|Win32
		{12ECC726-E62C-4DDB-8A0E-9BD70EEA5164}.Release|Any CPU.ActiveCfg = Release|Win32
		{12ECC726-E62C-4DDB-8A0E-9BD70EEA5164}.Release|x64.ActiveCfg = Release|x64
		{12ECC726-E62C-4DDB-8A0E-9BD70EEA5164}.Release|x64.Build.0 = Release|x64
		{12ECC726-E62C-4DDB-8A0E-9BD70EEA5164}.Release|x86.ActiveCfg = Release|Win32
		{12ECC726-E62C-4DDB-8A0E-9BD70EEA5164}.Release|x86.Build.0 = Release|Win32
		{2F16C22E-709B-4C49-8913-14A2B063A09A}.Debug|Any CPU.ActiveCfg = Debug|Win32
		{2F16C22E-709B-4C49-8913-14A2B063A09A}.Debug|x64.ActiveCfg = Debug|x64
		{2F16C22E-709B-4C49-8913-14A2B063A09A}.Debug|x64.Build.0 = Debug|x64
		{2F16C22E-709B-4C49-8913-14A2B063A09A}.Debug|x86.ActiveCfg = Debug|Win32
		{2F16C22E-709B-4C49-8913-14A2B063A09A}.Debug|x86.Build.0 = Debug|Win32
		{2F16C22E-709B-4C49-8913-14A2B063A09A}.Release|Any CPU.ActiveCfg = Release|Win32
		{2F16C22E-709B-4C49-8913-14A2B063A09A}.Release|x64.ActiveCfg = Release|x64
		{2F16C22E-709B-4C49-8913-14A2B063A09A}.Release|x64.Build.0 = Release|x64
		{2F16C22E-709B-4C49-8913-14A2B063A09A}.Release|x86.ActiveCfg = Release|Win32
		{2F16C22E-709B-4C49-8913-14A2B063A09A}.Release|x86.Build.0 = Release|Win32
		{C5851DC4-B4C3-4B84-B8B1-A34B660878F4}.Debug|Any CPU.ActiveCfg = Debug|Win32
		{C5851DC4-B4C3-4B84-B8B1-A34B660878F4}.Debug|x64.ActiveCfg = Debug|x64
		{C5851DC4-B4C3-4B84-B8B1-A34B660878F4}.Debug|x64.Build.0 = Debug|x64
		{C5851DC4-B4C3-4B84-B8B1-A34B660878F4}.Debug|x86.ActiveCfg = Debug|Win32
		{C5851DC4-B4C3-4B84-B8B1-A34B660878F4}.Debug|x86.Build.0 = Debug|Win32
		{C5851DC4-B4C3-4B84-B8B1-A34B660878F4}.Release|Any CPU.ActiveCfg = Release|Win32
		{C5851DC4-B4C3-4B84-B8B1-A34B660878F4}.Release|x64.ActiveCfg = Release|x64
		{C5851DC4-B4C3-4B84-B8B1-A34B660878F4}.Release|x64.Build.0 = Release|x64
		{C5851DC4-B4C3-4B84-B8B1-A34B660878F4}.Release|x86.ActiveCfg = Release|Win32
		{C5851DC4-B4C3-4B84-B8B1-A34B660878F4}.Release|x86.Build.0 = Release|Win32
		{C0E72167-AFEA-43D5-84FF-6C9CCDC7B863}.Debug|Any CPU.ActiveCfg = Debug|Win32
		{C0E72167-AFEA-43D5-84FF-6C9CCDC7B863}.Debug|x64.ActiveCfg = Debug|x64
		{C0E72167-AFEA-43D5-84FF-6C9CCDC7B863}.Debug|x64.Build.0 = Debug|x64
		{C0E72167-AFEA-43D5-84FF-6C9CCDC7B863}.Debug|x86.ActiveCfg = Debug|Win32
		{C0E72167-AFEA-43D5-84FF-6C9CCDC7B863}.Debug|x86.Build.0 = Debug|Win32
		{C0E72167-AFEA-43D5-84FF-6C9CCDC7B863}.Release|Any CPU.ActiveCfg = Release|Win32
		{C0E72167-AFEA-43D5-84FF-6C9CCDC7B863}.Release|x64.ActiveCfg = Release|x64
		{C0E72167-AFEA-43D5-84FF-6C9CCDC7B863}.Release|x64.Build.0 = Release|x64
		{C0E72167-AFEA-43D5-84FF-6C9CCDC7B863}.Release|x86.ActiveCfg = Release|Win32
		{C0E72167-AFEA-43D5-84FF-6C9CCDC7B863}.Release|x86.Build.0 = Release|Win32
		{79C9C821-5D36-4851-A706-79ADF5D2B434}.Debug|Any CPU.ActiveCfg = Debug|Win32
		{79C9C821-5D36-4851-A706-79ADF5D2B434}.Debug|x64.ActiveCfg = Debug|x64
		{79C9C821-5D36-4851-A706-79ADF5D2B434}.Debug|x64.Build.0 = Debug|x64
		{79C9C821-5D36-4851-A706-79ADF5D2B434}.Debug|x86.ActiveCfg = Debug|Win32
		{79C9C821-5D36-4851-A706-79ADF5D2B434}.Debug|x86.Build.0 = Debug|Win32
		{79C9C821-5D36-4851-A706-79ADF5D2B434}.Release|Any CPU.ActiveCfg = Release|Win32
		{79C9C821-5D36-4851-A706-79ADF5D2B434}.Release|x64.ActiveCfg = Release|x64
		{79C9C821-5D36-4851-A706-79ADF5D2B434}.Release|x64.Build.0 = Release|x64
		{79C9C821-5D36-4851-A706-79ADF5D2B434}.Release|x86.ActiveCfg = Release|Win32
		{79C9C821-5D36-4851-A706-79ADF5D2B434}.Release|x86.Build.0 = Release|Win32
		{8D58ED66-52AE-4E39-9E80-7464C9B41750}.Debug|Any CPU.ActiveCfg = Debug|Win32
		{8D58ED66-52AE-4E39-9E80-7464C9B41750}.Debug|x64.ActiveCfg = Debug|x64
		{8D58ED66-52AE-4E39-9E80-7464C9B41750}.Debug|x64.Build.0 = Debug|x64
		{8D58ED66-52AE-4E39-9E80-7464C9B41750}.Debug|x86.ActiveCfg = Debug|Win32
		{8D58ED66-52AE-4E39-9E80-7464C9B41750}.Debug|x86.Build.0 = Debug|Win32
		{8D58ED66-52AE-4E39-9E80-7464C9B41750}.Release|Any CPU.ActiveCfg = Release|Win32
		{8D58ED66-52AE-4E39-9E80-7464C9B41750}.Release|x64.ActiveCfg = Release|x64
		{8D58ED66-52AE-4E39-9E80-7464C9B41750}.Release|x64.Build.0 = Release|x64
		{8D58ED66-52AE-4E39-9E80-7464C9B41750}.Release|x86.ActiveCfg = Release|Win32
		{8D58ED66-52AE-4E39-9E80-7464C9B41750}.Release|x86.Build.0 = Release|Win32
		{795DDDB5-D51D-42E9-A9AD-24E8559739B0}.Debug|Any CPU.ActiveCfg = Debug|Win32
		{795DDDB5-D51D-42E9-A9AD-24E8559739B0}.Debug|x64.ActiveCfg = Debug|x64
		{795DDDB5-D51D-42E9-A9AD-24E8559739B0}.Debug|x64.Build.0 = Debug|x64
		{795DDDB5-D51D-42E9-A9AD-24E8559739B0}.Debug|x86.ActiveCfg = Debug|Win32
		{795DDDB5-D51D-42E9-A9AD-24E8559739B0}.Debug|x86.Build.0 = Debug|Win32
		{795DDDB5-D51D-42E9-A9AD-24E8559739B0}.Release|Any CPU.ActiveCfg = Release|Win32
		{795DDDB5-D51D-42E9-A9AD-24E8559739B0}.Release|x64.ActiveCfg = Release|x64
		{795DDDB5-D51D-42E9-A9AD-24E8559739B0}.Release|x64.Build.0 = Release|x64
		{795DDDB5-D51D-42E9-A9AD-24E8559739B0}.Release|x86.ActiveCfg = Release|Win32
		{795DDDB5-D51D-42E9-A9AD-24E8559739B0}.Release|x86.Build.0 = Release|Win32
		{8A3D5677-959D-4C93-8255-78EE6FDABFD8}.Debug|Any CPU.ActiveCfg = Debug|Win32
		{8A3D5677-959D-4C93-8255-78EE6FDABFD8}.Debug|x64.ActiveCfg = Debug|x64
		{8A3D5677-959D-4C93-8255-78EE6FDABFD8}.Debug|x64.Build.0 = Debug|x64
		{8A3D5677-959D-4C93-8255-78EE6FDABFD8}.Debug|x86.ActiveCfg = Debug|Win32
		{8A3D5677-959D-4C93-8255-78EE6FDABFD8}.Debug|x86.Build.0 = Debug|Win32
		{8A3D5677-959D-4C93-8255-78EE6FDABFD8}.Release|Any CPU.ActiveCfg = Release|Win32
		{8A3D5677-959D-4C93-8255-78EE6FDABFD8}.Release|x64.ActiveCfg = Release|x64
		{8A3D5677-959D-4C93-8255-78EE6FDABFD8}.Release|x64.Build.0 = Release|x64
		{8A3D5677-959D-4C93-8255-78EE6FDABFD8}.Release|x86.ActiveCfg = Release|Win32
		{8A3D5677-959D-4C93-8255-78EE6FDABFD8}.Release|x86.Build.0 = Release|Win32
		{13BDF381-B3AD-4075-8AF0-FE1C4B18B660}.Debug|Any CPU.ActiveCfg = Debug|Win32
		{13BDF381-B3AD-4075-8AF0-FE1C4B18B660}.Debug|x64.ActiveCfg = Debug|x64
		{13BDF381-B3AD-4075-8AF0-FE1C4B18B660}.Debug|x64.Build.0 = Debug|x64
		{13BDF381-B3AD-4075-8AF0-FE1C4B18B660}.Debug|x86.ActiveCfg = Debug|Win32
		{13BDF381-B3AD-4075-8AF0-FE1C4B18B660}.Debug|x86.Build.0 = Debug|Win32
		{13BDF381-B3AD-4075-8AF0-FE1C4B18B660}.Release|Any CPU.ActiveCfg = Release|Win32
		{13BDF381-B3AD-4075-8AF0-FE1C4B18B660}.Release|x64.ActiveCfg = Release|x64
		{13BDF381-B3AD-4075-8AF0-FE1C4B18B660}.Release|x64.Build.0 = Release|x64
		{13BDF381-B3AD-4075-8AF0-FE1C4B18B660}.Release|x86.ActiveCfg = Release|Win32
		{13BDF381-B3AD-4075-8AF0-FE1C4B18B660}.Release|x86.Build.0 = Release|Win32
		{9A9E8392-B9DC-4BB7-9809-44845B5AA6D2}.Debug|Any CPU.ActiveCfg = Debug|Win32
		{9A9E8392-B9DC-4BB7-9809-44845B5AA6D2}.Debug|x64.ActiveCfg = Debug|x64
		{9A9E8392-B9DC-4BB7-9809-44845B5AA6D2}.Debug|x64.Build.0 = Debug|x64
		{9A9E8392-B9DC-4BB7-9809-44845B5AA6D2}.Debug|x86.ActiveCfg = Debug|Win32
		{9A9E8392-B9DC-4BB7-9809-44845B5AA6D2}.Debug|x86.Build.0 = Debug|Win32
		{9A9E8392-B9DC-4BB7-9809-44845B5AA6D2}.Release|Any CPU.ActiveCfg = Release|Win32
		{9A9E8392-B9DC-4BB7-9809-44845B5AA6D2}.Release|x64.ActiveCfg = Release|x64
		{9A9E8392-B9DC-4BB7-9809-44845B5AA6D2}.Release|x64.Build.0 = Release|x64
		{9A9E8392-B9DC-4BB7-9809-44845B5AA6D2}.Release|x86.ActiveCfg = Release|Win32
		{9A9E8392-B9DC-4BB7-9809-44845B5AA6D2}.Release|x86.Build.0 = Release|Win32
		{146D543E-077C-4333-BB51-02627B45AB0D}.Debug|Any CPU.ActiveCfg = Debug|Win32
		{146D543E-077C-4333-BB51-02627B45AB0D}.Debug|x64.ActiveCfg = Debug|x64
		{146D543E-077C-4333-BB51-02627B45AB0D}.Debug|x64.Build.0 = Debug|x64
		{146D543E-077C-4333-BB51-02627B45AB0D}.Debug|x86.ActiveCfg = Debug|Win32
		{146D543E-077C-4333-BB51-02627B45AB0D}.Debug|x86.Build.0 = Debug|Win32
		{146D543E-077C-4333-BB51-02627B45AB0D}.Release|Any CPU.ActiveCfg = Release|Win32
		{146D543E-077C-4333-BB51-02627B45AB0D}.Release|x64.ActiveCfg = Release|x64
		{146D543E-077C-4333-BB51-02627B45AB0D}.Release|x64.Build.0 = Release|x64
		{146D543E-077C-4333-BB51-02627B45AB0D}.Release|x86.ActiveCfg = Release|Win32
		{146D543E-077C-4333-BB51-02627B45AB0D}.Release|x86.Build.0 = Release|Win32
		{BCF04E65-9CE6-44F0-983F-D78959635FBE}.Debug|Any CPU.ActiveCfg = Debug|Win32
		{BCF04E65-9CE6-44F0-983F-D78959635FBE}.Debug|x64.ActiveCfg = Debug|x64
		{BCF04E65-9CE6-44F0-983F-D78959635FBE}.Debug|x64.Build.0 = Debug|x64
		{BCF04E65-9CE6-44F0-983F-D78959635FBE}.Debug|x86.ActiveCfg = Debug|Win32
		{BCF04E65-9CE6-44F0-983F-D78959635FBE}.Debug|x86.Build.0 = Debug|Win32
		{BCF04E65-9CE6-44F0-983F-D78959635FBE}.Release|Any CPU.ActiveCfg = Release|Win32
		{BCF04E65-9CE6-44F0-983F-D78959635FBE}.Release|x64.ActiveCfg = Release|x64
		{BCF04E65-9CE6-44F0-983F-D78959635FBE}.Release|x64.Build.0 = Release|x64
		{BCF04E65-9CE6-44F0-983F-D78959635FBE}.Release|x86.ActiveCfg = Release|Win32
		{BCF04E65-9CE6-44F0-983F-D78959635FBE}.Release|x86.Build.0 = Release|Win32
		{CA72CAC1-F664-4649-BA00-DCCAA3092550}.Debug|Any CPU.ActiveCfg = Debug|Any CPU
		{CA72CAC1-F664-4649-BA00-DCCAA3092550}.Debug|Any CPU.Build.0 = Debug|Any CPU
		{CA72CAC1-F664-4649-BA00-DCCAA3092550}.Debug|x64.ActiveCfg = Debug|Any CPU
		{CA72CAC1-F664-4649-BA00-DCCAA3092550}.Debug|x64.Build.0 = Debug|Any CPU
		{CA72CAC1-F664-4649-BA00-DCCAA3092550}.Debug|x86.ActiveCfg = Debug|Any CPU
		{CA72CAC1-F664-4649-BA00-DCCAA3092550}.Debug|x86.Build.0 = Debug|Any CPU
		{CA72CAC1-F664-4649-BA00-DCCAA3092550}.Release|Any CPU.ActiveCfg = Release|Any CPU
		{CA72CAC1-F664-4649-BA00-DCCAA3092550}.Release|Any CPU.Build.0 = Release|Any CPU
		{CA72CAC1-F664-4649-BA00-DCCAA3092550}.Release|x64.ActiveCfg = Release|Any CPU
		{CA72CAC1-F664-4649-BA00-DCCAA3092550}.Release|x64.Build.0 = Release|Any CPU
		{CA72CAC1-F664-4649-BA00-DCCAA3092550}.Release|x86.ActiveCfg = Release|Any CPU
		{CA72CAC1-F664-4649-BA00-DCCAA3092550}.Release|x86.Build.0 = Release|Any CPU
		{C6DD1545-C813-420C-ABA8-D52873E88522}.Debug|Any CPU.ActiveCfg = Debug|Any CPU
		{C6DD1545-C813-420C-ABA8-D52873E88522}.Debug|Any CPU.Build.0 = Debug|Any CPU
		{C6DD1545-C813-420C-ABA8-D52873E88522}.Debug|x64.ActiveCfg = Debug|Any CPU
		{C6DD1545-C813-420C-ABA8-D52873E88522}.Debug|x64.Build.0 = Debug|Any CPU
		{C6DD1545-C813-420C-ABA8-D52873E88522}.Debug|x86.ActiveCfg = Debug|Any CPU
		{C6DD1545-C813-420C-ABA8-D52873E88522}.Debug|x86.Build.0 = Debug|Any CPU
		{C6DD1545-C813-420C-ABA8-D52873E88522}.Release|Any CPU.ActiveCfg = Release|Any CPU
		{C6DD1545-C813-420C-ABA8-D52873E88522}.Release|Any CPU.Build.0 = Release|Any CPU
		{C6DD1545-C813-420C-ABA8-D52873E88522}.Release|x64.ActiveCfg = Release|Any CPU
		{C6DD1545-C813-420C-ABA8-D52873E88522}.Release|x64.Build.0 = Release|Any CPU
		{C6DD1545-C813-420C-ABA8-D52873E88522}.Release|x86.ActiveCfg = Release|Any CPU
		{C6DD1545-C813-420C-ABA8-D52873E88522}.Release|x86.Build.0 = Release|Any CPU
	EndGlobalSection
	GlobalSection(SolutionProperties) = preSolution
		HideSolutionNode = FALSE
	EndGlobalSection
	GlobalSection(NestedProjects) = preSolution
		{D1BFA773-834B-4C23-AF7C-F65151611064} = {93569CB7-6158-4C34-8E25-06EC3D022D12}
		{1CC13E65-9079-4B4D-83F0-C0606D5B181D} = {93569CB7-6158-4C34-8E25-06EC3D022D12}
		{12ECC726-E62C-4DDB-8A0E-9BD70EEA5164} = {D1BFA773-834B-4C23-AF7C-F65151611064}
		{2F16C22E-709B-4C49-8913-14A2B063A09A} = {D1BFA773-834B-4C23-AF7C-F65151611064}
		{C5851DC4-B4C3-4B84-B8B1-A34B660878F4} = {D1BFA773-834B-4C23-AF7C-F65151611064}
		{C0E72167-AFEA-43D5-84FF-6C9CCDC7B863} = {D1BFA773-834B-4C23-AF7C-F65151611064}
		{79C9C821-5D36-4851-A706-79ADF5D2B434} = {D1BFA773-834B-4C23-AF7C-F65151611064}
		{8D58ED66-52AE-4E39-9E80-7464C9B41750} = {D1BFA773-834B-4C23-AF7C-F65151611064}
		{795DDDB5-D51D-42E9-A9AD-24E8559739B0} = {D1BFA773-834B-4C23-AF7C-F65151611064}
		{8A3D5677-959D-4C93-8255-78EE6FDABFD8} = {D1BFA773-834B-4C23-AF7C-F65151611064}
		{13BDF381-B3AD-4075-8AF0-FE1C4B18B660} = {D1BFA773-834B-4C23-AF7C-F65151611064}
		{9A9E8392-B9DC-4BB7-9809-44845B5AA6D2} = {D1BFA773-834B-4C23-AF7C-F65151611064}
		{146D543E-077C-4333-BB51-02627B45AB0D} = {1CC13E65-9079-4B4D-83F0-C0606D5B181D}
		{BCF04E65-9CE6-44F0-983F-D78959635FBE} = {1CC13E65-9079-4B4D-83F0-C0606D5B181D}
	EndGlobalSection
	GlobalSection(ExtensibilityGlobals) = postSolution
		SolutionGuid = {E25535FD-99B6-44E0-BD93-BE80638594ED}
	EndGlobalSection
EndGlobal
